
Microsoft Visual Studio Solution File, Format Version 12.00
# Visual Studio Version 16
VisualStudioVersion = 16.0.31624.102
MinimumVisualStudioVersion = 10.0.40219.1
Project("{FAE04EC0-301F-11D3-BF4B-00C04F79EFBC}") = "3bTestRest", "3bTestRest\3bTestRest.csproj", "{1BCE693B-FE1B-42E0-969E-9BC3B5D2812A}"
EndProject
Global
	GlobalSection(SolutionConfigurationPlatforms) = preSolution
		Debug|Any CPU = Debug|Any CPU
		Release|Any CPU = Release|Any CPU
	EndGlobalSection
	GlobalSection(ProjectConfigurationPlatforms) = postSolution
		{1BCE693B-FE1B-42E0-969E-9BC3B5D2812A}.Debug|Any CPU.ActiveCfg = Debug|Any CPU
		{1BCE693B-FE1B-42E0-969E-9BC3B5D2812A}.Debug|Any CPU.Build.0 = Debug|Any CPU
		{1BCE693B-FE1B-42E0-969E-9BC3B5D2812A}.Release|Any CPU.ActiveCfg = Release|Any CPU
		{1BCE693B-FE1B-42E0-969E-9BC3B5D2812A}.Release|Any CPU.Build.0 = Release|Any CPU
	EndGlobalSection
	GlobalSection(SolutionProperties) = preSolution
		HideSolutionNode = FALSE
	EndGlobalSection
	GlobalSection(ExtensibilityGlobals) = postSolution
		SolutionGuid = {6D9AFACC-7152-4EF1-9AD6-80F3BCF462F6}
	EndGlobalSection
EndGlobal
